const requestLog = new Map(); 

const rateLimiter = (req, res, next) => {
    const ip = req.ip;
    const now = Date.now();
    const WINDOW_MS = 60000; // 1 minute window

    if (!requestLog.has(ip)) {
        requestLog.set(ip, []);
    }

    let timestamps = requestLog.get(ip).filter(timestamp => now - timestamp < WINDOW_MS);

    if (timestamps.length >= 3) {
        return res.status(429).json({ 
            message: "Maximum 3 requests per minute per IP." 
        });
    }

    timestamps.push(now);
    requestLog.set(ip, timestamps);
    
    next();
};

module.exports = rateLimiter;